
Microsoft Visual Studio Solution File, Format Version 12.00
# Visual Studio Version 16
VisualStudioVersion = 16.0.34031.81
MinimumVisualStudioVersion = 10.0.40219.1
Project("{2150E333-8FDC-42A3-9474-1A3956D46DE8}") = "Task0", "Task0", "{37CF7517-8C32-414A-89D2-B49EBA7FE179}"
EndProject
Project("{FAE04EC0-301F-11D3-BF4B-00C04F79EFBC}") = "Tyuiu.SysoevDA.Sprint4.Task0.V30", "Tyuiu.SysoevDA.Sprint4.Task0.V30\Tyuiu.SysoevDA.Sprint4.Task0.V30.csproj", "{086B19BD-5BB9-4613-9E24-107D3E34CF9A}"
EndProject
Project("{FAE04EC0-301F-11D3-BF4B-00C04F79EFBC}") = "Tyuiu.SysoevDA.Sprint4.Task0.V30.Lib", "Tyuiu.SysoevDA.Sprint4.Task0.V30.Lib\Tyuiu.SysoevDA.Sprint4.Task0.V30.Lib.csproj", "{071811AF-D626-4C50-90CF-291F7C715C74}"
EndProject
Project("{FAE04EC0-301F-11D3-BF4B-00C04F79EFBC}") = "Tyuiu.SysoevDA.Sprint4.Task0.V30.Test", "Tyuiu.SysoevDA.Sprint4.Task0.V30.Test\Tyuiu.SysoevDA.Sprint4.Task0.V30.Test.csproj", "{6B9DCD35-D0E4-4BC9-9D0F-7D6D585D1808}"
EndProject
Project("{2150E333-8FDC-42A3-9474-1A3956D46DE8}") = "Task1", "Task1", "{10FA2335-AE24-4D3C-A702-C72901061499}"
EndProject
Project("{FAE04EC0-301F-11D3-BF4B-00C04F79EFBC}") = "Tyuiu.SysoevDA.Sprint4.Task1.V11", "Tyuiu.SysoevDA.Sprint4.Task1.V11\Tyuiu.SysoevDA.Sprint4.Task1.V11.csproj", "{1B13029C-B670-408E-A94E-5E71EC1CD8D1}"
EndProject
Project("{FAE04EC0-301F-11D3-BF4B-00C04F79EFBC}") = "Tyuiu.SysoevDA.Sprint4.Task1.V11.Test", "Tyuiu.SysoevDA.Sprint4.Task1.V11.Test\Tyuiu.SysoevDA.Sprint4.Task1.V11.Test.csproj", "{E12AAD42-6A43-4AA6-A1D4-A34E8E254FA5}"
EndProject
Project("{FAE04EC0-301F-11D3-BF4B-00C04F79EFBC}") = "Tyuiu.SysoevDA.Sprint4.Task1.V11.Lib", "Tyuiu.SysoevDA.Sprint4.Task1.V11.Lib\Tyuiu.SysoevDA.Sprint4.Task1.V11.Lib.csproj", "{16F0BBEC-A970-43AE-868C-1334616A4231}"
EndProject
Project("{2150E333-8FDC-42A3-9474-1A3956D46DE8}") = "Task2", "Task2", "{7A15D47D-4915-4A8F-BA8C-FCEDCCAD5930}"
EndProject
Project("{FAE04EC0-301F-11D3-BF4B-00C04F79EFBC}") = "Tyuiu.SysoevDA.Sprint4.Task2.V15", "Tyuiu.SysoevDA.Sprint4.Task2.V15\Tyuiu.SysoevDA.Sprint4.Task2.V15.csproj", "{DFE5BB65-AC6E-4C4C-BB1C-4DAC16637488}"
EndProject
Project("{FAE04EC0-301F-11D3-BF4B-00C04F79EFBC}") = "Tyuiu.SysoevDA.Sprint4.Task2.V15.Lib", "Tyuiu.SysoevDA.Sprint4.Task2.V15.Lib\Tyuiu.SysoevDA.Sprint4.Task2.V15.Lib.csproj", "{982964A0-08E9-4360-AC6C-A4C27627CFD4}"
EndProject
Project("{FAE04EC0-301F-11D3-BF4B-00C04F79EFBC}") = "Tyuiu.SysoevDA.Sprint4.Task2.V15.Test", "Tyuiu.SysoevDA.Sprint4.Task2.V15.Test\Tyuiu.SysoevDA.Sprint4.Task2.V15.Test.csproj", "{08D5CB68-6235-4A84-B285-9605C8C2A3FD}"
EndProject
Project("{2150E333-8FDC-42A3-9474-1A3956D46DE8}") = "Task3", "Task3", "{F8394D0B-A44B-4D9D-ACB6-F8DF0AF37498}"
EndProject
Project("{FAE04EC0-301F-11D3-BF4B-00C04F79EFBC}") = "Tyuiu.SysoevDA.Sprint4.Task3.V1", "Tyuiu.SysoevDA.Sprint4.Task3.V1\Tyuiu.SysoevDA.Sprint4.Task3.V1.csproj", "{0CFEB9B0-ACFE-4848-AA8C-4D5B419ABECA}"
EndProject
Project("{FAE04EC0-301F-11D3-BF4B-00C04F79EFBC}") = "Tyuiu.SysoevDA.Sprint4.Task3.V1.Lib", "Tyuiu.SysoevDA.Sprint4.Task3.V1.Lib\Tyuiu.SysoevDA.Sprint4.Task3.V1.Lib.csproj", "{AF672493-5DE5-41EE-9918-18FCB93FBC54}"
EndProject
Project("{FAE04EC0-301F-11D3-BF4B-00C04F79EFBC}") = "Tyuiu.SysoevDA.Sprint4.Task3.V1.Test", "Tyuiu.SysoevDA.Sprint4.Task3.V1.Test\Tyuiu.SysoevDA.Sprint4.Task3.V1.Test.csproj", "{D8AE4C4E-D451-4AF1-AD25-A1C8662044D4}"
EndProject
Project("{2150E333-8FDC-42A3-9474-1A3956D46DE8}") = "Task4", "Task4", "{096DA886-D3D4-47E9-90AA-75C13322055B}"
EndProject
Project("{FAE04EC0-301F-11D3-BF4B-00C04F79EFBC}") = "Tyuiu.SysoevDA.Sprint4.Task4.V23", "Tyuiu.SysoevDA.Sprint4.Task4.V23\Tyuiu.SysoevDA.Sprint4.Task4.V23.csproj", "{35B98BEE-14B2-48DE-A1FC-DE9BE1F2492C}"
EndProject
Project("{FAE04EC0-301F-11D3-BF4B-00C04F79EFBC}") = "Tyuiu.SysoevDA.Sprint4.Task4.V23.Test", "Tyuiu.SysoevDA.Sprint4.Task4.V23.Test\Tyuiu.SysoevDA.Sprint4.Task4.V23.Test.csproj", "{CC0E54A1-0145-4FDE-BE6B-8692EE8BA996}"
EndProject
Project("{FAE04EC0-301F-11D3-BF4B-00C04F79EFBC}") = "Tyuiu.SysoevDA.Sprint4.Task4.V23.Lib", "Tyuiu.SysoevDA.Sprint4.Task4.V23.Lib\Tyuiu.SysoevDA.Sprint4.Task4.V23.Lib.csproj", "{40611B7D-F681-4F58-BCAB-6BB7837CF71E}"
EndProject
Project("{2150E333-8FDC-42A3-9474-1A3956D46DE8}") = "Task5", "Task5", "{AB98A194-9A58-41B2-8EFF-B44C90980F61}"
EndProject
Project("{FAE04EC0-301F-11D3-BF4B-00C04F79EFBC}") = "Tyuiu.SysoevDA.Sprint4.Task5.V30", "Tyuiu.SysoevDA.Sprint4.Task5.V30\Tyuiu.SysoevDA.Sprint4.Task5.V30.csproj", "{D436C553-C1BE-42F7-BC29-FD75BA7AFE38}"
EndProject
Project("{FAE04EC0-301F-11D3-BF4B-00C04F79EFBC}") = "Tyuiu.SysoevDA.Sprint4.Task5.V30.Lib", "Tyuiu.SysoevDA.Sprint4.Task5.V30.Lib\Tyuiu.SysoevDA.Sprint4.Task5.V30.Lib.csproj", "{D715793E-58D1-4A82-8784-1787C61DF1D1}"
EndProject
Project("{FAE04EC0-301F-11D3-BF4B-00C04F79EFBC}") = "Tyuiu.SysoevDA.Sprint4.Task5.V30.Test", "Tyuiu.SysoevDA.Sprint4.Task5.V30.Test\Tyuiu.SysoevDA.Sprint4.Task5.V30.Test.csproj", "{085FD965-08AA-4FE6-8351-2369C3EA5BBA}"
EndProject
Project("{2150E333-8FDC-42A3-9474-1A3956D46DE8}") = "Task6", "Task6", "{0D74F1BB-A225-4B15-8240-2A950DC58306}"
EndProject
Project("{FAE04EC0-301F-11D3-BF4B-00C04F79EFBC}") = "Tyuiu.SysoevDA.Sprint4.Task6.V13", "Tyuiu.SysoevDA.Sprint4.Task6.V13\Tyuiu.SysoevDA.Sprint4.Task6.V13.csproj", "{89C11778-1AE1-4908-ACE0-C2EF2761AEF6}"
EndProject
Project("{FAE04EC0-301F-11D3-BF4B-00C04F79EFBC}") = "Tyuiu.SysoevDA.Sprint4.Task6.V13.Lib", "Tyuiu.SysoevDA.Sprint4.Task6.V13.Lib\Tyuiu.SysoevDA.Sprint4.Task6.V13.Lib.csproj", "{BB2AD0F0-3EDF-4D3F-AD7C-1539752E1B71}"
EndProject
Project("{FAE04EC0-301F-11D3-BF4B-00C04F79EFBC}") = "Tyuiu.SysoevDA.Sprint4.Task6.V13.Test", "Tyuiu.SysoevDA.Sprint4.Task6.V13.Test\Tyuiu.SysoevDA.Sprint4.Task6.V13.Test.csproj", "{24EF081D-1A86-4471-8521-B91F94990EEF}"
EndProject
Global
	GlobalSection(SolutionConfigurationPlatforms) = preSolution
		Debug|Any CPU = Debug|Any CPU
		Release|Any CPU = Release|Any CPU
	EndGlobalSection
	GlobalSection(ProjectConfigurationPlatforms) = postSolution
		{086B19BD-5BB9-4613-9E24-107D3E34CF9A}.Debug|Any CPU.ActiveCfg = Debug|Any CPU
		{086B19BD-5BB9-4613-9E24-107D3E34CF9A}.Debug|Any CPU.Build.0 = Debug|Any CPU
		{086B19BD-5BB9-4613-9E24-107D3E34CF9A}.Release|Any CPU.ActiveCfg = Release|Any CPU
		{086B19BD-5BB9-4613-9E24-107D3E34CF9A}.Release|Any CPU.Build.0 = Release|Any CPU
		{071811AF-D626-4C50-90CF-291F7C715C74}.Debug|Any CPU.ActiveCfg = Debug|Any CPU
		{071811AF-D626-4C50-90CF-291F7C715C74}.Debug|Any CPU.Build.0 = Debug|Any CPU
		{071811AF-D626-4C50-90CF-291F7C715C74}.Release|Any CPU.ActiveCfg = Release|Any CPU
		{071811AF-D626-4C50-90CF-291F7C715C74}.Release|Any CPU.Build.0 = Release|Any CPU
		{6B9DCD35-D0E4-4BC9-9D0F-7D6D585D1808}.Debug|Any CPU.ActiveCfg = Debug|Any CPU
		{6B9DCD35-D0E4-4BC9-9D0F-7D6D585D1808}.Debug|Any CPU.Build.0 = Debug|Any CPU
		{6B9DCD35-D0E4-4BC9-9D0F-7D6D585D1808}.Release|Any CPU.ActiveCfg = Release|Any CPU
		{6B9DCD35-D0E4-4BC9-9D0F-7D6D585D1808}.Release|Any CPU.Build.0 = Release|Any CPU
		{1B13029C-B670-408E-A94E-5E71EC1CD8D1}.Debug|Any CPU.ActiveCfg = Debug|Any CPU
		{1B13029C-B670-408E-A94E-5E71EC1CD8D1}.Debug|Any CPU.Build.0 = Debug|Any CPU
		{1B13029C-B670-408E-A94E-5E71EC1CD8D1}.Release|Any CPU.ActiveCfg = Release|Any CPU
		{1B13029C-B670-408E-A94E-5E71EC1CD8D1}.Release|Any CPU.Build.0 = Release|Any CPU
		{E12AAD42-6A43-4AA6-A1D4-A34E8E254FA5}.Debug|Any CPU.ActiveCfg = Debug|Any CPU
		{E12AAD42-6A43-4AA6-A1D4-A34E8E254FA5}.Debug|Any CPU.Build.0 = Debug|Any CPU
		{E12AAD42-6A43-4AA6-A1D4-A34E8E254FA5}.Release|Any CPU.ActiveCfg = Release|Any CPU
		{E12AAD42-6A43-4AA6-A1D4-A34E8E254FA5}.Release|Any CPU.Build.0 = Release|Any CPU
		{16F0BBEC-A970-43AE-868C-1334616A4231}.Debug|Any CPU.ActiveCfg = Debug|Any CPU
		{16F0BBEC-A970-43AE-868C-1334616A4231}.Debug|Any CPU.Build.0 = Debug|Any CPU
		{16F0BBEC-A970-43AE-868C-1334616A4231}.Release|Any CPU.ActiveCfg = Release|Any CPU
		{16F0BBEC-A970-43AE-868C-1334616A4231}.Release|Any CPU.Build.0 = Release|Any CPU
		{DFE5BB65-AC6E-4C4C-BB1C-4DAC16637488}.Debug|Any CPU.ActiveCfg = Debug|Any CPU
		{DFE5BB65-AC6E-4C4C-BB1C-4DAC16637488}.Debug|Any CPU.Build.0 = Debug|Any CPU
		{DFE5BB65-AC6E-4C4C-BB1C-4DAC16637488}.Release|Any CPU.ActiveCfg = Release|Any CPU
		{DFE5BB65-AC6E-4C4C-BB1C-4DAC16637488}.Release|Any CPU.Build.0 = Release|Any CPU
		{982964A0-08E9-4360-AC6C-A4C27627CFD4}.Debug|Any CPU.ActiveCfg = Debug|Any CPU
		{982964A0-08E9-4360-AC6C-A4C27627CFD4}.Debug|Any CPU.Build.0 = Debug|Any CPU
		{982964A0-08E9-4360-AC6C-A4C27627CFD4}.Release|Any CPU.ActiveCfg = Release|Any CPU
		{982964A0-08E9-4360-AC6C-A4C27627CFD4}.Release|Any CPU.Build.0 = Release|Any CPU
		{08D5CB68-6235-4A84-B285-9605C8C2A3FD}.Debug|Any CPU.ActiveCfg = Debug|Any CPU
		{08D5CB68-6235-4A84-B285-9605C8C2A3FD}.Debug|Any CPU.Build.0 = Debug|Any CPU
		{08D5CB68-6235-4A84-B285-9605C8C2A3FD}.Release|Any CPU.ActiveCfg = Release|Any CPU
		{08D5CB68-6235-4A84-B285-9605C8C2A3FD}.Release|Any CPU.Build.0 = Release|Any CPU
		{0CFEB9B0-ACFE-4848-AA8C-4D5B419ABECA}.Debug|Any CPU.ActiveCfg = Debug|Any CPU
		{0CFEB9B0-ACFE-4848-AA8C-4D5B419ABECA}.Debug|Any CPU.Build.0 = Debug|Any CPU
		{0CFEB9B0-ACFE-4848-AA8C-4D5B419ABECA}.Release|Any CPU.ActiveCfg = Release|Any CPU
		{0CFEB9B0-ACFE-4848-AA8C-4D5B419ABECA}.Release|Any CPU.Build.0 = Release|Any CPU
		{AF672493-5DE5-41EE-9918-18FCB93FBC54}.Debug|Any CPU.ActiveCfg = Debug|Any CPU
		{AF672493-5DE5-41EE-9918-18FCB93FBC54}.Debug|Any CPU.Build.0 = Debug|Any CPU
		{AF672493-5DE5-41EE-9918-18FCB93FBC54}.Release|Any CPU.ActiveCfg = Release|Any CPU
		{AF672493-5DE5-41EE-9918-18FCB93FBC54}.Release|Any CPU.Build.0 = Release|Any CPU
		{D8AE4C4E-D451-4AF1-AD25-A1C8662044D4}.Debug|Any CPU.ActiveCfg = Debug|Any CPU
		{D8AE4C4E-D451-4AF1-AD25-A1C8662044D4}.Debug|Any CPU.Build.0 = Debug|Any CPU
		{D8AE4C4E-D451-4AF1-AD25-A1C8662044D4}.Release|Any CPU.ActiveCfg = Release|Any CPU
		{D8AE4C4E-D451-4AF1-AD25-A1C8662044D4}.Release|Any CPU.Build.0 = Release|Any CPU
		{35B98BEE-14B2-48DE-A1FC-DE9BE1F2492C}.Debug|Any CPU.ActiveCfg = Debug|Any CPU
		{35B98BEE-14B2-48DE-A1FC-DE9BE1F2492C}.Debug|Any CPU.Build.0 = Debug|Any CPU
		{35B98BEE-14B2-48DE-A1FC-DE9BE1F2492C}.Release|Any CPU.ActiveCfg = Release|Any CPU
		{35B98BEE-14B2-48DE-A1FC-DE9BE1F2492C}.Release|Any CPU.Build.0 = Release|Any CPU
		{CC0E54A1-0145-4FDE-BE6B-8692EE8BA996}.Debug|Any CPU.ActiveCfg = Debug|Any CPU
		{CC0E54A1-0145-4FDE-BE6B-8692EE8BA996}.Debug|Any CPU.Build.0 = Debug|Any CPU
		{CC0E54A1-0145-4FDE-BE6B-8692EE8BA996}.Release|Any CPU.ActiveCfg = Release|Any CPU
		{CC0E54A1-0145-4FDE-BE6B-8692EE8BA996}.Release|Any CPU.Build.0 = Release|Any CPU
		{40611B7D-F681-4F58-BCAB-6BB7837CF71E}.Debug|Any CPU.ActiveCfg = Debug|Any CPU
		{40611B7D-F681-4F58-BCAB-6BB7837CF71E}.Debug|Any CPU.Build.0 = Debug|Any CPU
		{40611B7D-F681-4F58-BCAB-6BB7837CF71E}.Release|Any CPU.ActiveCfg = Release|Any CPU
		{40611B7D-F681-4F58-BCAB-6BB7837CF71E}.Release|Any CPU.Build.0 = Release|Any CPU
		{D436C553-C1BE-42F7-BC29-FD75BA7AFE38}.Debug|Any CPU.ActiveCfg = Debug|Any CPU
		{D436C553-C1BE-42F7-BC29-FD75BA7AFE38}.Debug|Any CPU.Build.0 = Debug|Any CPU
		{D436C553-C1BE-42F7-BC29-FD75BA7AFE38}.Release|Any CPU.ActiveCfg = Release|Any CPU
		{D436C553-C1BE-42F7-BC29-FD75BA7AFE38}.Release|Any CPU.Build.0 = Release|Any CPU
		{D715793E-58D1-4A82-8784-1787C61DF1D1}.Debug|Any CPU.ActiveCfg = Debug|Any CPU
		{D715793E-58D1-4A82-8784-1787C61DF1D1}.Debug|Any CPU.Build.0 = Debug|Any CPU
		{D715793E-58D1-4A82-8784-1787C61DF1D1}.Release|Any CPU.ActiveCfg = Release|Any CPU
		{D715793E-58D1-4A82-8784-1787C61DF1D1}.Release|Any CPU.Build.0 = Release|Any CPU
		{085FD965-08AA-4FE6-8351-2369C3EA5BBA}.Debug|Any CPU.ActiveCfg = Debug|Any CPU
		{085FD965-08AA-4FE6-8351-2369C3EA5BBA}.Debug|Any CPU.Build.0 = Debug|Any CPU
		{085FD965-08AA-4FE6-8351-2369C3EA5BBA}.Release|Any CPU.ActiveCfg = Release|Any CPU
		{085FD965-08AA-4FE6-8351-2369C3EA5BBA}.Release|Any CPU.Build.0 = Release|Any CPU
		{89C11778-1AE1-4908-ACE0-C2EF2761AEF6}.Debug|Any CPU.ActiveCfg = Debug|Any CPU
		{89C11778-1AE1-4908-ACE0-C2EF2761AEF6}.Debug|Any CPU.Build.0 = Debug|Any CPU
		{89C11778-1AE1-4908-ACE0-C2EF2761AEF6}.Release|Any CPU.ActiveCfg = Release|Any CPU
		{89C11778-1AE1-4908-ACE0-C2EF2761AEF6}.Release|Any CPU.Build.0 = Release|Any CPU
		{BB2AD0F0-3EDF-4D3F-AD7C-1539752E1B71}.Debug|Any CPU.ActiveCfg = Debug|Any CPU
		{BB2AD0F0-3EDF-4D3F-AD7C-1539752E1B71}.Debug|Any CPU.Build.0 = Debug|Any CPU
		{BB2AD0F0-3EDF-4D3F-AD7C-1539752E1B71}.Release|Any CPU.ActiveCfg = Release|Any CPU
		{BB2AD0F0-3EDF-4D3F-AD7C-1539752E1B71}.Release|Any CPU.Build.0 = Release|Any CPU
		{24EF081D-1A86-4471-8521-B91F94990EEF}.Debug|Any CPU.ActiveCfg = Debug|Any CPU
		{24EF081D-1A86-4471-8521-B91F94990EEF}.Debug|Any CPU.Build.0 = Debug|Any CPU
		{24EF081D-1A86-4471-8521-B91F94990EEF}.Release|Any CPU.ActiveCfg = Release|Any CPU
		{24EF081D-1A86-4471-8521-B91F94990EEF}.Release|Any CPU.Build.0 = Release|Any CPU
	EndGlobalSection
	GlobalSection(SolutionProperties) = preSolution
		HideSolutionNode = FALSE
	EndGlobalSection
	GlobalSection(NestedProjects) = preSolution
		{086B19BD-5BB9-4613-9E24-107D3E34CF9A} = {37CF7517-8C32-414A-89D2-B49EBA7FE179}
		{071811AF-D626-4C50-90CF-291F7C715C74} = {37CF7517-8C32-414A-89D2-B49EBA7FE179}
		{6B9DCD35-D0E4-4BC9-9D0F-7D6D585D1808} = {37CF7517-8C32-414A-89D2-B49EBA7FE179}
		{1B13029C-B670-408E-A94E-5E71EC1CD8D1} = {10FA2335-AE24-4D3C-A702-C72901061499}
		{E12AAD42-6A43-4AA6-A1D4-A34E8E254FA5} = {10FA2335-AE24-4D3C-A702-C72901061499}
		{16F0BBEC-A970-43AE-868C-1334616A4231} = {10FA2335-AE24-4D3C-A702-C72901061499}
		{DFE5BB65-AC6E-4C4C-BB1C-4DAC16637488} = {7A15D47D-4915-4A8F-BA8C-FCEDCCAD5930}
		{982964A0-08E9-4360-AC6C-A4C27627CFD4} = {7A15D47D-4915-4A8F-BA8C-FCEDCCAD5930}
		{08D5CB68-6235-4A84-B285-9605C8C2A3FD} = {7A15D47D-4915-4A8F-BA8C-FCEDCCAD5930}
		{0CFEB9B0-ACFE-4848-AA8C-4D5B419ABECA} = {F8394D0B-A44B-4D9D-ACB6-F8DF0AF37498}
		{AF672493-5DE5-41EE-9918-18FCB93FBC54} = {F8394D0B-A44B-4D9D-ACB6-F8DF0AF37498}
		{D8AE4C4E-D451-4AF1-AD25-A1C8662044D4} = {F8394D0B-A44B-4D9D-ACB6-F8DF0AF37498}
		{35B98BEE-14B2-48DE-A1FC-DE9BE1F2492C} = {096DA886-D3D4-47E9-90AA-75C13322055B}
		{CC0E54A1-0145-4FDE-BE6B-8692EE8BA996} = {096DA886-D3D4-47E9-90AA-75C13322055B}
		{40611B7D-F681-4F58-BCAB-6BB7837CF71E} = {096DA886-D3D4-47E9-90AA-75C13322055B}
		{D436C553-C1BE-42F7-BC29-FD75BA7AFE38} = {AB98A194-9A58-41B2-8EFF-B44C90980F61}
		{D715793E-58D1-4A82-8784-1787C61DF1D1} = {AB98A194-9A58-41B2-8EFF-B44C90980F61}
		{085FD965-08AA-4FE6-8351-2369C3EA5BBA} = {AB98A194-9A58-41B2-8EFF-B44C90980F61}
		{89C11778-1AE1-4908-ACE0-C2EF2761AEF6} = {0D74F1BB-A225-4B15-8240-2A950DC58306}
		{BB2AD0F0-3EDF-4D3F-AD7C-1539752E1B71} = {0D74F1BB-A225-4B15-8240-2A950DC58306}
		{24EF081D-1A86-4471-8521-B91F94990EEF} = {0D74F1BB-A225-4B15-8240-2A950DC58306}
	EndGlobalSection
	GlobalSection(ExtensibilityGlobals) = postSolution
		SolutionGuid = {83B3CEB7-A2A3-465C-A5E2-FE30A8E81F95}
	EndGlobalSection
EndGlobal
